
Microsoft Visual Studio Solution File, Format Version 12.00
# Visual Studio 15
VisualStudioVersion = 15.0.28010.2036
MinimumVisualStudioVersion = 10.0.40219.1
Project("{FAE04EC0-301F-11D3-BF4B-00C04F79EFBC}") = "ContactUs", "TestWeb\ContactUs.csproj", "{B6CA80DC-F963-4D7D-9A7E-FEB6D4A7BBF8}"
EndProject
Project("{FAE04EC0-301F-11D3-BF4B-00C04F79EFBC}") = "FileDistance", "FileDistance\FileDistance.csproj", "{ECD892D1-B575-4FA3-9151-A5D4715E392C}"
EndProject
Global
	GlobalSection(SolutionConfigurationPlatforms) = preSolution
		Debug|Any CPU = Debug|Any CPU
		Release|Any CPU = Release|Any CPU
	EndGlobalSection
	GlobalSection(ProjectConfigurationPlatforms) = postSolution
		{B6CA80DC-F963-4D7D-9A7E-FEB6D4A7BBF8}.Debug|Any CPU.ActiveCfg = Debug|Any CPU
		{B6CA80DC-F963-4D7D-9A7E-FEB6D4A7BBF8}.Debug|Any CPU.Build.0 = Debug|Any CPU
		{B6CA80DC-F963-4D7D-9A7E-FEB6D4A7BBF8}.Release|Any CPU.ActiveCfg = Release|Any CPU
		{B6CA80DC-F963-4D7D-9A7E-FEB6D4A7BBF8}.Release|Any CPU.Build.0 = Release|Any CPU
		{ECD892D1-B575-4FA3-9151-A5D4715E392C}.Debug|Any CPU.ActiveCfg = Debug|Any CPU
		{ECD892D1-B575-4FA3-9151-A5D4715E392C}.Debug|Any CPU.Build.0 = Debug|Any CPU
		{ECD892D1-B575-4FA3-9151-A5D4715E392C}.Release|Any CPU.ActiveCfg = Release|Any CPU
		{ECD892D1-B575-4FA3-9151-A5D4715E392C}.Release|Any CPU.Build.0 = Release|Any CPU
	EndGlobalSection
	GlobalSection(SolutionProperties) = preSolution
		HideSolutionNode = FALSE
	EndGlobalSection
	GlobalSection(ExtensibilityGlobals) = postSolution
		SolutionGuid = {9AEAAA26-EE1F-48F1-8DBE-6072CCEB063D}
	EndGlobalSection
EndGlobal
